
Microsoft Visual Studio Solution File, Format Version 12.00
# Visual Studio Version 16
VisualStudioVersion = 16.0.31515.178
MinimumVisualStudioVersion = 10.0.40219.1
Project("{FAE04EC0-301F-11D3-BF4B-00C04F79EFBC}") = "MovieAPI", "MovieAPI.csproj", "{52D42F24-B199-43AF-933A-91A4F6A7907E}"
EndProject
Global
	GlobalSection(SolutionConfigurationPlatforms) = preSolution
		Debug|Any CPU = Debug|Any CPU
		Release|Any CPU = Release|Any CPU
	EndGlobalSection
	GlobalSection(ProjectConfigurationPlatforms) = postSolution
		{52D42F24-B199-43AF-933A-91A4F6A7907E}.Debug|Any CPU.ActiveCfg = Debug|Any CPU
		{52D42F24-B199-43AF-933A-91A4F6A7907E}.Debug|Any CPU.Build.0 = Debug|Any CPU
		{52D42F24-B199-43AF-933A-91A4F6A7907E}.Release|Any CPU.ActiveCfg = Release|Any CPU
		{52D42F24-B199-43AF-933A-91A4F6A7907E}.Release|Any CPU.Build.0 = Release|Any CPU
	EndGlobalSection
	GlobalSection(SolutionProperties) = preSolution
		HideSolutionNode = FALSE
	EndGlobalSection
	GlobalSection(ExtensibilityGlobals) = postSolution
		SolutionGuid = {F79EB85A-5651-4229-9C13-5245FDF79AEB}
	EndGlobalSection
EndGlobal
